
Microsoft Visual Studio Solution File, Format Version 12.00
Project("{FAE04EC0-301F-11D3-BF4B-00C04F79EFBC}") = "Console Game", "Console Game\Console Game.csproj", "{9CE6C5FC-EA6A-40C6-8E6E-57C2C49F20F9}"
EndProject
Global
	GlobalSection(SolutionConfigurationPlatforms) = preSolution
		Debug|Any CPU = Debug|Any CPU
		Release|Any CPU = Release|Any CPU
	EndGlobalSection
	GlobalSection(ProjectConfigurationPlatforms) = postSolution
		{9CE6C5FC-EA6A-40C6-8E6E-57C2C49F20F9}.Debug|Any CPU.ActiveCfg = Debug|Any CPU
		{9CE6C5FC-EA6A-40C6-8E6E-57C2C49F20F9}.Debug|Any CPU.Build.0 = Debug|Any CPU
		{9CE6C5FC-EA6A-40C6-8E6E-57C2C49F20F9}.Release|Any CPU.ActiveCfg = Release|Any CPU
		{9CE6C5FC-EA6A-40C6-8E6E-57C2C49F20F9}.Release|Any CPU.Build.0 = Release|Any CPU
	EndGlobalSection
EndGlobal
